# THIS IS AN AUTOGENERATED FILE. DO NOT EDIT THIS FILE DIRECTLY.
# yarn lockfile v1


invariant@2.2.4:
  version "2.2.4"
  resolved "https://registry.yarnpkg.com/invariant/-/invariant-2.2.4.tgz#610f3c92c9359ce1db616e538008d23ff35158e6"
  integrity sha512-phJfQVBuaJM5raOpJjSfkiD6BpbCE4Ns//LaXl6wGYtUBY83nWS6Rf9tXm2e8VaK60JEjYldbPif/A2B1C2gNA==
  dependencies:
    loose-envify "^1.0.0"

"js-tokens@^3.0.0 || ^4.0.0":
  version "4.0.0"
  resolved "https://registry.yarnpkg.com/js-tokens/-/js-tokens-4.0.0.tgz#19203fb59991df98e3a287050d4647cdeaf32499"
  integrity sha512-RdJUflcE3cUzKiMqQgsCu06FPu9UdIJO0beYbPhHN4k6apgJtifcoCtT9bcxOpYBtpD2kCM6Sbzg4CausW/PKQ==

lodash@^4.17.21:
  version "4.17.21"
  resolved "https://registry.yarnpkg.com/lodash/-/lodash-4.17.21.tgz#679591c564c3bffaae8454cf0b3df370c3d6911c"
  integrity sha512-v2kDEe57lecTulaDIuNTPy3Ry4gLGJ6Z1O3vE1krgXZNrsQ+LFTGHVxVjcXPs17LhbZVGedAJv8XZ1tvj5FvSg==

loose-envify@^1.0.0:
  version "1.4.0"
  resolved "https://registry.yarnpkg.com/loose-envify/-/loose-envify-1.4.0.tgz#71ee51fa7be4caec1a63839f7e682d8132d30caf"
  integrity sha512-lyuxPGr/Wfhrlem2CL/UcnUc1zcqKAImBDzukY7Y5F/yQiNdko6+fRLevlw1HgMySw7f611UIY408EtxRSoK3Q==
  dependencies:
    js-tokens "^3.0.0 || ^4.0.0"

query-ast@^1.0.4:
  version "1.0.4"
  resolved "https://registry.yarnpkg.com/query-ast/-/query-ast-1.0.4.tgz#efa832e1270cc3e0ab42291716f73a7de1928c2a"
  integrity sha512-KFJFSvODCBjIH5HbHvITj9EEZKYUU6VX0T5CuB1ayvjUoUaZkKMi6eeby5Tf8DMukyZHlJQOE1+f3vevKUe6eg==
  dependencies:
    invariant "2.2.4"

scss-parser@^1.0.5:
  version "1.0.5"
  resolved "https://registry.yarnpkg.com/scss-parser/-/scss-parser-1.0.5.tgz#2297d688a4c300e94552f72c41fd7de092d19c4b"
  integrity sha512-RZOtvCmCnwkDo7kdcYBi807Y5EoTIxJ34AgEgJNDmOH1jl0/xG0FyYZFbH6Ga3Iwu7q8LSdxJ4C5UkzNXjQxKQ==
  dependencies:
    invariant "2.2.4"
